
Microsoft Visual Studio Solution File, Format Version 12.00
# Visual Studio Version 17
VisualStudioVersion = 17.5.33414.496
MinimumVisualStudioVersion = 10.0.40219.1
Project("{9A19103F-16F7-4668-BE54-9A1E7A4F7556}") = "SharedFoldersFreeSpace", "SharedFoldersFreeSpace.csproj", "{89BF69A8-765C-4AF7-A0A4-2FF0E046B6CE}"
EndProject
Global
	GlobalSection(SolutionConfigurationPlatforms) = preSolution
		Debug|Any CPU = Debug|Any CPU
		Release|Any CPU = Release|Any CPU
	EndGlobalSection
	GlobalSection(ProjectConfigurationPlatforms) = postSolution
		{89BF69A8-765C-4AF7-A0A4-2FF0E046B6CE}.Debug|Any CPU.ActiveCfg = Debug|Any CPU
		{89BF69A8-765C-4AF7-A0A4-2FF0E046B6CE}.Debug|Any CPU.Build.0 = Debug|Any CPU
		{89BF69A8-765C-4AF7-A0A4-2FF0E046B6CE}.Release|Any CPU.ActiveCfg = Release|Any CPU
		{89BF69A8-765C-4AF7-A0A4-2FF0E046B6CE}.Release|Any CPU.Build.0 = Release|Any CPU
	EndGlobalSection
	GlobalSection(SolutionProperties) = preSolution
		HideSolutionNode = FALSE
	EndGlobalSection
	GlobalSection(ExtensibilityGlobals) = postSolution
		SolutionGuid = {07CD9EFE-E8F8-49A9-847A-B60CC9326271}
	EndGlobalSection
EndGlobal
